
Microsoft Visual Studio Solution File, Format Version 12.00
# Visual Studio Version 17
VisualStudioVersion = 17.14.36915.13 d17.14
MinimumVisualStudioVersion = 10.0.40219.1
Project("{FAE04EC0-301F-11D3-BF4B-00C04F79EFBC}") = "BS", "BS\BS.csproj", "{C6F74CE6-542F-4114-A767-9E687AB7C2F4}"
EndProject
Global
	GlobalSection(SolutionConfigurationPlatforms) = preSolution
		Debug|Any CPU = Debug|Any CPU
		Release|Any CPU = Release|Any CPU
	EndGlobalSection
	GlobalSection(ProjectConfigurationPlatforms) = postSolution
		{C6F74CE6-542F-4114-A767-9E687AB7C2F4}.Debug|Any CPU.ActiveCfg = Debug|Any CPU
		{C6F74CE6-542F-4114-A767-9E687AB7C2F4}.Debug|Any CPU.Build.0 = Debug|Any CPU
		{C6F74CE6-542F-4114-A767-9E687AB7C2F4}.Release|Any CPU.ActiveCfg = Release|Any CPU
		{C6F74CE6-542F-4114-A767-9E687AB7C2F4}.Release|Any CPU.Build.0 = Release|Any CPU
	EndGlobalSection
	GlobalSection(SolutionProperties) = preSolution
		HideSolutionNode = FALSE
	EndGlobalSection
	GlobalSection(ExtensibilityGlobals) = postSolution
		SolutionGuid = {CE80D559-72DD-4F9D-8C40-28800B205CA4}
	EndGlobalSection
EndGlobal
